{
  "name": "node_express_sequelize",
  "version": "1.0.0",
  "lockfileVersion": 1,
  "requires": true,
  "dependencies": {
    "@types/node": {
      "version": "12.12.11",
      "resolved": "https://frontiersoftware.pkgs.visualstudio.com/_packaging/WebLibrary/npm/registry/@types/node/-/node-12.12.11.tgz",
      "integrity": "sha1-vsKWGXWIjZZBlr8AFqL5hNeT084="
    },
    "accepts": {
      "version": "1.3.7",
      "resolved": "https://frontiersoftware.pkgs.visualstudio.com/_packaging/WebLibrary/npm/registry/accepts/-/accepts-1.3.7.tgz",
      "integrity": "sha1-UxvHJlF6OytB+FACHGzBXqq1B80=",
      "requires": {
        "mime-types": "~2.1.24",
        "negotiator": "0.6.2"
      }
    },
    "amdefine": {
      "version": "1.0.1",
      "resolved": "https://frontiersoftware.pkgs.visualstudio.com/_packaging/WebLibrary/npm/registry/amdefine/-/amdefine-1.0.1.tgz",
      "integrity": "sha1-SlKCrBZHKek2Gbz9OtFR+BfOkfU="
    },
    "any-promise": {
      "version": "1.3.0",
      "resolved": "https://frontiersoftware.pkgs.visualstudio.com/_packaging/WebLibrary/npm/registry/any-promise/-/any-promise-1.3.0.tgz",
      "integrity": "sha1-q8av7tzqUugJzcA3au0845Y10X8="
    },
    "array-flatten": {
      "version": "1.1.1",
      "resolved": "https://frontiersoftware.pkgs.visualstudio.com/_packaging/WebLibrary/npm/registry/array-flatten/-/array-flatten-1.1.1.tgz",
      "integrity": "sha1-ml9pkFGx5wczKPKgCJaLZOopVdI="
    },
    "async": {
      "version": "0.2.10",
      "resolved": "https://frontiersoftware.pkgs.visualstudio.com/_packaging/WebLibrary/npm/registry/async/-/async-0.2.10.tgz",
      "integrity": "sha1-trvgsGdLnXGXCMo43owjfLUmw9E="
    },
    "bluebird": {
      "version": "3.7.1",
      "resolved": "https://frontiersoftware.pkgs.visualstudio.com/_packaging/WebLibrary/npm/registry/bluebird/-/bluebird-3.7.1.tgz",
      "integrity": "sha1-33DjArRx10c0iazyapPWO1P4dN4="
    },
    "body-parser": {
      "version": "1.19.0",
      "resolved": "https://frontiersoftware.pkgs.visualstudio.com/_packaging/WebLibrary/npm/registry/body-parser/-/body-parser-1.19.0.tgz",
      "integrity": "sha1-lrJwnlfJxOCab9Zqj9l5hE9p8Io=",
      "requires": {
        "bytes": "3.1.0",
        "content-type": "~1.0.4",
        "debug": "2.6.9",
        "depd": "~1.1.2",
        "http-errors": "1.7.2",
        "iconv-lite": "0.4.24",
        "on-finished": "~2.3.0",
        "qs": "6.7.0",
        "raw-body": "2.4.0",
        "type-is": "~1.6.17"
      }
    },
    "buffer-writer": {
      "version": "1.0.1",
      "resolved": "https://frontiersoftware.pkgs.visualstudio.com/_packaging/WebLibrary/npm/registry/buffer-writer/-/buffer-writer-1.0.1.tgz",
      "integrity": "sha1-Iqk2kB4wKa/NdUfrRIfOtpejvwg="
    },
    "bytes": {
      "version": "3.1.0",
      "resolved": "https://frontiersoftware.pkgs.visualstudio.com/_packaging/WebLibrary/npm/registry/bytes/-/bytes-3.1.0.tgz",
      "integrity": "sha1-9s95M6Ng4FiPqf3oVlHNx/gF0fY="
    },
    "cls-bluebird": {
      "version": "2.1.0",
      "resolved": "https://frontiersoftware.pkgs.visualstudio.com/_packaging/WebLibrary/npm/registry/cls-bluebird/-/cls-bluebird-2.1.0.tgz",
      "integrity": "sha1-N+8eCAqP+1XC9BZPU28ZGeeWiu4=",
      "requires": {
        "is-bluebird": "^1.0.2",
        "shimmer": "^1.1.0"
      }
    },
    "content-disposition": {
      "version": "0.5.3",
      "resolved": "https://frontiersoftware.pkgs.visualstudio.com/_packaging/WebLibrary/npm/registry/content-disposition/-/content-disposition-0.5.3.tgz",
      "integrity": "sha1-4TDK9+cnkIfFYWwgB9BIVpiYT70=",
      "requires": {
        "safe-buffer": "5.1.2"
      }
    },
    "content-type": {
      "version": "1.0.4",
      "resolved": "https://frontiersoftware.pkgs.visualstudio.com/_packaging/WebLibrary/npm/registry/content-type/-/content-type-1.0.4.tgz",
      "integrity": "sha1-4TjMdeBAxyexlm/l5fjJruJW/js="
    },
    "cookie": {
      "version": "0.3.1",
      "resolved": "https://frontiersoftware.pkgs.visualstudio.com/_packaging/WebLibrary/npm/registry/cookie/-/cookie-0.3.1.tgz",
      "integrity": "sha1-5+Ch+e9DtMi6klxcWpboBtFoc7s="
    },
    "cookie-parser": {
      "version": "1.4.4",
      "resolved": "https://frontiersoftware.pkgs.visualstudio.com/_packaging/WebLibrary/npm/registry/cookie-parser/-/cookie-parser-1.4.4.tgz",
      "integrity": "sha1-5jY95OqYw975aXuTQhwJ8wz10Yg=",
      "requires": {
        "cookie": "0.3.1",
        "cookie-signature": "1.0.6"
      }
    },
    "cookie-signature": {
      "version": "1.0.6",
      "resolved": "https://frontiersoftware.pkgs.visualstudio.com/_packaging/WebLibrary/npm/registry/cookie-signature/-/cookie-signature-1.0.6.tgz",
      "integrity": "sha1-4wOogrNCzD7oylE6eZmXNNqzriw="
    },
    "cors": {
      "version": "2.8.5",
      "resolved": "https://frontiersoftware.pkgs.visualstudio.com/_packaging/WebLibrary/npm/registry/cors/-/cors-2.8.5.tgz",
      "integrity": "sha1-6sEdpRWS3Ya58G9uesKTs9+HXSk=",
      "requires": {
        "object-assign": "^4",
        "vary": "^1"
      }
    },
    "debug": {
      "version": "2.6.9",
      "resolved": "https://frontiersoftware.pkgs.visualstudio.com/_packaging/WebLibrary/npm/registry/debug/-/debug-2.6.9.tgz",
      "integrity": "sha1-XRKFFd8TT/Mn6QpMk/Tgd6U2NB8=",
      "requires": {
        "ms": "2.0.0"
      }
    },
    "depd": {
      "version": "1.1.2",
      "resolved": "https://frontiersoftware.pkgs.visualstudio.com/_packaging/WebLibrary/npm/registry/depd/-/depd-1.1.2.tgz",
      "integrity": "sha1-m81S4UwJd2PnSbJ0xDRu0uVgtak="
    },
    "destroy": {
      "version": "1.0.4",
      "resolved": "https://frontiersoftware.pkgs.visualstudio.com/_packaging/WebLibrary/npm/registry/destroy/-/destroy-1.0.4.tgz",
      "integrity": "sha1-l4hXRCxEdJ5CBmE+N5RiBYJqvYA="
    },
    "dottie": {
      "version": "2.0.1",
      "resolved": "https://frontiersoftware.pkgs.visualstudio.com/_packaging/WebLibrary/npm/registry/dottie/-/dottie-2.0.1.tgz",
      "integrity": "sha1-aXrZ1yAE23V00h+JJGajwoWJNlk="
    },
    "ee-first": {
      "version": "1.1.1",
      "resolved": "https://frontiersoftware.pkgs.visualstudio.com/_packaging/WebLibrary/npm/registry/ee-first/-/ee-first-1.1.1.tgz",
      "integrity": "sha1-WQxhFWsK4vTwJVcyoViyZrxWsh0="
    },
    "encodeurl": {
      "version": "1.0.2",
      "resolved": "https://frontiersoftware.pkgs.visualstudio.com/_packaging/WebLibrary/npm/registry/encodeurl/-/encodeurl-1.0.2.tgz",
      "integrity": "sha1-rT/0yG7C0CkyL1oCw6mmBslbP1k="
    },
    "escape-html": {
      "version": "1.0.3",
      "resolved": "https://frontiersoftware.pkgs.visualstudio.com/_packaging/WebLibrary/npm/registry/escape-html/-/escape-html-1.0.3.tgz",
      "integrity": "sha1-Aljq5NPQwJdN4cFpGI7wBR0dGYg="
    },
    "etag": {
      "version": "1.8.1",
      "resolved": "https://frontiersoftware.pkgs.visualstudio.com/_packaging/WebLibrary/npm/registry/etag/-/etag-1.8.1.tgz",
      "integrity": "sha1-Qa4u62XvpiJorr/qg6x9eSmbCIc="
    },
    "express": {
      "version": "4.17.1",
      "resolved": "https://frontiersoftware.pkgs.visualstudio.com/_packaging/WebLibrary/npm/registry/express/-/express-4.17.1.tgz",
      "integrity": "sha1-RJH8OGBc9R+GKdOcK10Cb5ikwTQ=",
      "requires": {
        "accepts": "~1.3.7",
        "array-flatten": "1.1.1",
        "body-parser": "1.19.0",
        "content-disposition": "0.5.3",
        "content-type": "~1.0.4",
        "cookie": "0.4.0",
        "cookie-signature": "1.0.6",
        "debug": "2.6.9",
        "depd": "~1.1.2",
        "encodeurl": "~1.0.2",
        "escape-html": "~1.0.3",
        "etag": "~1.8.1",
        "finalhandler": "~1.1.2",
        "fresh": "0.5.2",
        "merge-descriptors": "1.0.1",
        "methods": "~1.1.2",
        "on-finished": "~2.3.0",
        "parseurl": "~1.3.3",
        "path-to-regexp": "0.1.7",
        "proxy-addr": "~2.0.5",
        "qs": "6.7.0",
        "range-parser": "~1.2.1",
        "safe-buffer": "5.1.2",
        "send": "0.17.1",
        "serve-static": "1.14.1",
        "setprototypeof": "1.1.1",
        "statuses": "~1.5.0",
        "type-is": "~1.6.18",
        "utils-merge": "1.0.1",
        "vary": "~1.1.2"
      },
      "dependencies": {
        "cookie": {
          "version": "0.4.0",
          "resolved": "https://frontiersoftware.pkgs.visualstudio.com/_packaging/WebLibrary/npm/registry/cookie/-/cookie-0.4.0.tgz",
          "integrity": "sha1-vrQ35wIrO21JAZ0IhmUwPr6cFLo="
        }
      }
    },
    "finalhandler": {
      "version": "1.1.2",
      "resolved": "https://frontiersoftware.pkgs.visualstudio.com/_packaging/WebLibrary/npm/registry/finalhandler/-/finalhandler-1.1.2.tgz",
      "integrity": "sha1-t+fQAP/RGTjQ/bBTUG9uur6fWH0=",
      "requires": {
        "debug": "2.6.9",
        "encodeurl": "~1.0.2",
        "escape-html": "~1.0.3",
        "on-finished": "~2.3.0",
        "parseurl": "~1.3.3",
        "statuses": "~1.5.0",
        "unpipe": "~1.0.0"
      }
    },
    "forwarded": {
      "version": "0.1.2",
      "resolved": "https://frontiersoftware.pkgs.visualstudio.com/_packaging/WebLibrary/npm/registry/forwarded/-/forwarded-0.1.2.tgz",
      "integrity": "sha1-mMI9qxF1ZXuMBXPozszZGw/xjIQ="
    },
    "fresh": {
      "version": "0.5.2",
      "resolved": "https://frontiersoftware.pkgs.visualstudio.com/_packaging/WebLibrary/npm/registry/fresh/-/fresh-0.5.2.tgz",
      "integrity": "sha1-PYyt2Q2XZWn6g1qx+OSyOhBWBac="
    },
    "generic-pool": {
      "version": "2.4.3",
      "resolved": "https://frontiersoftware.pkgs.visualstudio.com/_packaging/WebLibrary/npm/registry/generic-pool/-/generic-pool-2.4.3.tgz",
      "integrity": "sha1-eAw29p360FpaBF3Te+etyhGk9v8="
    },
    "http-errors": {
      "version": "1.7.2",
      "resolved": "https://frontiersoftware.pkgs.visualstudio.com/_packaging/WebLibrary/npm/registry/http-errors/-/http-errors-1.7.2.tgz",
      "integrity": "sha1-T1ApzxMjnzEDblsuVSkrz7zIXI8=",
      "requires": {
        "depd": "~1.1.2",
        "inherits": "2.0.3",
        "setprototypeof": "1.1.1",
        "statuses": ">= 1.5.0 < 2",
        "toidentifier": "1.0.0"
      }
    },
    "iconv-lite": {
      "version": "0.4.24",
      "resolved": "https://frontiersoftware.pkgs.visualstudio.com/_packaging/WebLibrary/npm/registry/iconv-lite/-/iconv-lite-0.4.24.tgz",
      "integrity": "sha1-ICK0sl+93CHS9SSXSkdKr+czkIs=",
      "requires": {
        "safer-buffer": ">= 2.1.2 < 3"
      }
    },
    "inflection": {
      "version": "1.12.0",
      "resolved": "https://frontiersoftware.pkgs.visualstudio.com/_packaging/WebLibrary/npm/registry/inflection/-/inflection-1.12.0.tgz",
      "integrity": "sha1-ogCTVlbW9fa8TcdQLhrstwMihBY="
    },
    "inherits": {
      "version": "2.0.3",
      "resolved": "https://frontiersoftware.pkgs.visualstudio.com/_packaging/WebLibrary/npm/registry/inherits/-/inherits-2.0.3.tgz",
      "integrity": "sha1-Yzwsg+PaQqUC9SRmAiSA9CCCYd4="
    },
    "ipaddr.js": {
      "version": "1.9.0",
      "resolved": "https://frontiersoftware.pkgs.visualstudio.com/_packaging/WebLibrary/npm/registry/ipaddr.js/-/ipaddr.js-1.9.0.tgz",
      "integrity": "sha1-N9905DCg5HVQ/lSi3v4w2KzZX2U="
    },
    "is-bluebird": {
      "version": "1.0.2",
      "resolved": "https://frontiersoftware.pkgs.visualstudio.com/_packaging/WebLibrary/npm/registry/is-bluebird/-/is-bluebird-1.0.2.tgz",
      "integrity": "sha1-CWQ5Bg9KpBGr7hkUOoTWpVNG1uI="
    },
    "js-string-escape": {
      "version": "1.0.1",
      "resolved": "https://frontiersoftware.pkgs.visualstudio.com/_packaging/WebLibrary/npm/registry/js-string-escape/-/js-string-escape-1.0.1.tgz",
      "integrity": "sha1-4mJbrbwNZ8dTPp7cEGjFh65BN+8="
    },
    "lodash": {
      "version": "4.17.15",
      "resolved": "https://frontiersoftware.pkgs.visualstudio.com/_packaging/WebLibrary/npm/registry/lodash/-/lodash-4.17.15.tgz",
      "integrity": "sha1-tEf2ZwoEVbv+7dETku/zMOoJdUg="
    },
    "media-typer": {
      "version": "0.3.0",
      "resolved": "https://frontiersoftware.pkgs.visualstudio.com/_packaging/WebLibrary/npm/registry/media-typer/-/media-typer-0.3.0.tgz",
      "integrity": "sha1-hxDXrwqmJvj/+hzgAWhUUmMlV0g="
    },
    "merge-descriptors": {
      "version": "1.0.1",
      "resolved": "https://frontiersoftware.pkgs.visualstudio.com/_packaging/WebLibrary/npm/registry/merge-descriptors/-/merge-descriptors-1.0.1.tgz",
      "integrity": "sha1-sAqqVW3YtEVoFQ7J0blT8/kMu2E="
    },
    "methods": {
      "version": "1.1.2",
      "resolved": "https://frontiersoftware.pkgs.visualstudio.com/_packaging/WebLibrary/npm/registry/methods/-/methods-1.1.2.tgz",
      "integrity": "sha1-VSmk1nZUE07cxSZmVoNbD4Ua/O4="
    },
    "mime": {
      "version": "1.6.0",
      "resolved": "https://frontiersoftware.pkgs.visualstudio.com/_packaging/WebLibrary/npm/registry/mime/-/mime-1.6.0.tgz",
      "integrity": "sha1-Ms2eXGRVO9WNGaVor0Uqz/BJgbE="
    },
    "mime-db": {
      "version": "1.42.0",
      "resolved": "https://frontiersoftware.pkgs.visualstudio.com/_packaging/WebLibrary/npm/registry/mime-db/-/mime-db-1.42.0.tgz",
      "integrity": "sha1-PiUpB7THrbkGWXtLZWNics+ee6w="
    },
    "mime-types": {
      "version": "2.1.25",
      "resolved": "https://frontiersoftware.pkgs.visualstudio.com/_packaging/WebLibrary/npm/registry/mime-types/-/mime-types-2.1.25.tgz",
      "integrity": "sha1-OXctRmIfk+KoCoVsU7hqYhVqZDc=",
      "requires": {
        "mime-db": "1.42.0"
      }
    },
    "moment": {
      "version": "2.24.0",
      "resolved": "https://frontiersoftware.pkgs.visualstudio.com/_packaging/WebLibrary/npm/registry/moment/-/moment-2.24.0.tgz",
      "integrity": "sha1-DQVdU/UFKqZTyfbraLtdEr9cK1s="
    },
    "moment-timezone": {
      "version": "0.5.27",
      "resolved": "https://frontiersoftware.pkgs.visualstudio.com/_packaging/WebLibrary/npm/registry/moment-timezone/-/moment-timezone-0.5.27.tgz",
      "integrity": "sha1-c63sgTm2/jBFLnjyEPJ7HzRriHc=",
      "requires": {
        "moment": ">= 2.9.0"
      }
    },
    "ms": {
      "version": "2.0.0",
      "resolved": "https://frontiersoftware.pkgs.visualstudio.com/_packaging/WebLibrary/npm/registry/ms/-/ms-2.0.0.tgz",
      "integrity": "sha1-VgiurfwAvmwpAd9fmGF4jeDVl8g="
    },
    "negotiator": {
      "version": "0.6.2",
      "resolved": "https://frontiersoftware.pkgs.visualstudio.com/_packaging/WebLibrary/npm/registry/negotiator/-/negotiator-0.6.2.tgz",
      "integrity": "sha1-/qz3zPUlp3rpY0Q2pkiD/+yjRvs="
    },
    "noty": {
      "version": "3.2.0-beta",
      "resolved": "https://frontiersoftware.pkgs.visualstudio.com/_packaging/WebLibrary/npm/registry/noty/-/noty-3.2.0-beta.tgz",
      "integrity": "sha1-zREXJ3obg8mwjfx4+WjGxZYNPPo="
    },
    "object-assign": {
      "version": "4.1.1",
      "resolved": "https://frontiersoftware.pkgs.visualstudio.com/_packaging/WebLibrary/npm/registry/object-assign/-/object-assign-4.1.1.tgz",
      "integrity": "sha1-IQmtx5ZYh8/AXLvUQsrIv7s2CGM="
    },
    "on-finished": {
      "version": "2.3.0",
      "resolved": "https://frontiersoftware.pkgs.visualstudio.com/_packaging/WebLibrary/npm/registry/on-finished/-/on-finished-2.3.0.tgz",
      "integrity": "sha1-IPEzZIGwg811M3mSoWlxqi2QaUc=",
      "requires": {
        "ee-first": "1.1.1"
      }
    },
    "optimist": {
      "version": "0.3.7",
      "resolved": "https://frontiersoftware.pkgs.visualstudio.com/_packaging/WebLibrary/npm/registry/optimist/-/optimist-0.3.7.tgz",
      "integrity": "sha1-yQlBrVnkJzMokjB00s8ufLxuwNk=",
      "requires": {
        "wordwrap": "~0.0.2"
      }
    },
    "packet-reader": {
      "version": "0.3.1",
      "resolved": "https://frontiersoftware.pkgs.visualstudio.com/_packaging/WebLibrary/npm/registry/packet-reader/-/packet-reader-0.3.1.tgz",
      "integrity": "sha1-zWLmCvjX/qinBexP+ZCHHEaHHyc="
    },
    "parseurl": {
      "version": "1.3.3",
      "resolved": "https://frontiersoftware.pkgs.visualstudio.com/_packaging/WebLibrary/npm/registry/parseurl/-/parseurl-1.3.3.tgz",
      "integrity": "sha1-naGee+6NEt/wUT7Vt2lXeTvC6NQ="
    },
    "path": {
      "version": "0.12.7",
      "resolved": "https://frontiersoftware.pkgs.visualstudio.com/_packaging/WebLibrary/npm/registry/path/-/path-0.12.7.tgz",
      "integrity": "sha1-1NwqUGxM4hl+tIHr/NWzbAFAsQ8=",
      "requires": {
        "process": "^0.11.1",
        "util": "^0.10.3"
      }
    },
    "path-to-regexp": {
      "version": "0.1.7",
      "resolved": "https://frontiersoftware.pkgs.visualstudio.com/_packaging/WebLibrary/npm/registry/path-to-regexp/-/path-to-regexp-0.1.7.tgz",
      "integrity": "sha1-32BBeABfUi8V60SQ5yR6G/qmf4w="
    },
    "pg": {
      "version": "6.4.2",
      "resolved": "https://frontiersoftware.pkgs.visualstudio.com/_packaging/WebLibrary/npm/registry/pg/-/pg-6.4.2.tgz",
      "integrity": "sha1-w2QBEGDqx6UHoq4GPrhX7OkQ4n8=",
      "requires": {
        "buffer-writer": "1.0.1",
        "js-string-escape": "1.0.1",
        "packet-reader": "0.3.1",
        "pg-connection-string": "0.1.3",
        "pg-pool": "1.*",
        "pg-types": "1.*",
        "pgpass": "1.*",
        "semver": "4.3.2"
      }
    },
    "pg-connection-string": {
      "version": "0.1.3",
      "resolved": "https://frontiersoftware.pkgs.visualstudio.com/_packaging/WebLibrary/npm/registry/pg-connection-string/-/pg-connection-string-0.1.3.tgz",
      "integrity": "sha1-2hhHsglA5C7hSSvq9l1J2RskXfc="
    },
    "pg-int8": {
      "version": "1.0.1",
      "resolved": "https://frontiersoftware.pkgs.visualstudio.com/_packaging/WebLibrary/npm/registry/pg-int8/-/pg-int8-1.0.1.tgz",
      "integrity": "sha1-lDvUY79bcbQXARX4D478mgwOt4w="
    },
    "pg-pool": {
      "version": "1.8.0",
      "resolved": "https://frontiersoftware.pkgs.visualstudio.com/_packaging/WebLibrary/npm/registry/pg-pool/-/pg-pool-1.8.0.tgz",
      "integrity": "sha1-9+xzgkw3oD8Hb1G/33DjQBR8Tzc=",
      "requires": {
        "generic-pool": "2.4.3",
        "object-assign": "4.1.0"
      },
      "dependencies": {
        "object-assign": {
          "version": "4.1.0",
          "resolved": "https://frontiersoftware.pkgs.visualstudio.com/_packaging/WebLibrary/npm/registry/object-assign/-/object-assign-4.1.0.tgz",
          "integrity": "sha1-ejs9DpgGPUP0wD8uiubNUahog6A="
        }
      }
    },
    "pg-types": {
      "version": "1.13.0",
      "resolved": "https://frontiersoftware.pkgs.visualstudio.com/_packaging/WebLibrary/npm/registry/pg-types/-/pg-types-1.13.0.tgz",
      "integrity": "sha1-dfSQuKir918Thu9exEVez2s0XGM=",
      "requires": {
        "pg-int8": "1.0.1",
        "postgres-array": "~1.0.0",
        "postgres-bytea": "~1.0.0",
        "postgres-date": "~1.0.0",
        "postgres-interval": "^1.1.0"
      }
    },
    "pgpass": {
      "version": "1.0.2",
      "resolved": "https://frontiersoftware.pkgs.visualstudio.com/_packaging/WebLibrary/npm/registry/pgpass/-/pgpass-1.0.2.tgz",
      "integrity": "sha1-Knu0G2BltnkH6R2hsHwYR8h3swY=",
      "requires": {
        "split": "^1.0.0"
      }
    },
    "postgres-array": {
      "version": "1.0.3",
      "resolved": "https://frontiersoftware.pkgs.visualstudio.com/_packaging/WebLibrary/npm/registry/postgres-array/-/postgres-array-1.0.3.tgz",
      "integrity": "sha1-xWH8OyZrIUUfxlVThPSYbXjsgPU="
    },
    "postgres-bytea": {
      "version": "1.0.0",
      "resolved": "https://frontiersoftware.pkgs.visualstudio.com/_packaging/WebLibrary/npm/registry/postgres-bytea/-/postgres-bytea-1.0.0.tgz",
      "integrity": "sha1-AntTPAqokOJtFy1Hz5zOzFIazTU="
    },
    "postgres-date": {
      "version": "1.0.4",
      "resolved": "https://frontiersoftware.pkgs.visualstudio.com/_packaging/WebLibrary/npm/registry/postgres-date/-/postgres-date-1.0.4.tgz",
      "integrity": "sha1-HCco1i7xv/SavdNcH4bUvfEYpyg="
    },
    "postgres-interval": {
      "version": "1.2.0",
      "resolved": "https://frontiersoftware.pkgs.visualstudio.com/_packaging/WebLibrary/npm/registry/postgres-interval/-/postgres-interval-1.2.0.tgz",
      "integrity": "sha1-tGDILLFYdQd4iBmgaqD//bNURpU=",
      "requires": {
        "xtend": "^4.0.0"
      }
    },
    "process": {
      "version": "0.11.10",
      "resolved": "https://frontiersoftware.pkgs.visualstudio.com/_packaging/WebLibrary/npm/registry/process/-/process-0.11.10.tgz",
      "integrity": "sha1-czIwDoQBYb2j5podHZGn1LwW8YI="
    },
    "proxy-addr": {
      "version": "2.0.5",
      "resolved": "https://frontiersoftware.pkgs.visualstudio.com/_packaging/WebLibrary/npm/registry/proxy-addr/-/proxy-addr-2.0.5.tgz",
      "integrity": "sha1-NMvWSi2B9LH9IedvnwbIpFKZ7jQ=",
      "requires": {
        "forwarded": "~0.1.2",
        "ipaddr.js": "1.9.0"
      }
    },
    "qs": {
      "version": "6.7.0",
      "resolved": "https://frontiersoftware.pkgs.visualstudio.com/_packaging/WebLibrary/npm/registry/qs/-/qs-6.7.0.tgz",
      "integrity": "sha1-QdwaAV49WB8WIXdr4xr7KHapsbw="
    },
    "range-parser": {
      "version": "1.2.1",
      "resolved": "https://frontiersoftware.pkgs.visualstudio.com/_packaging/WebLibrary/npm/registry/range-parser/-/range-parser-1.2.1.tgz",
      "integrity": "sha1-PPNwI9GZ4cJNGlW4SADC8+ZGgDE="
    },
    "raw-body": {
      "version": "2.4.0",
      "resolved": "https://frontiersoftware.pkgs.visualstudio.com/_packaging/WebLibrary/npm/registry/raw-body/-/raw-body-2.4.0.tgz",
      "integrity": "sha1-oc5vucm8NWylLoklarWQWeE9AzI=",
      "requires": {
        "bytes": "3.1.0",
        "http-errors": "1.7.2",
        "iconv-lite": "0.4.24",
        "unpipe": "1.0.0"
      }
    },
    "require": {
      "version": "2.4.20",
      "resolved": "https://frontiersoftware.pkgs.visualstudio.com/_packaging/WebLibrary/npm/registry/require/-/require-2.4.20.tgz",
      "integrity": "sha1-Zstrqqu2XeinHXk/XGX9GE83mLY=",
      "requires": {
        "std": "0.1.40",
        "uglify-js": "2.3.0"
      }
    },
    "retry-as-promised": {
      "version": "3.2.0",
      "resolved": "https://frontiersoftware.pkgs.visualstudio.com/_packaging/WebLibrary/npm/registry/retry-as-promised/-/retry-as-promised-3.2.0.tgz",
      "integrity": "sha1-dp9j1Ta+xHg1SdsHd8tW2t2dhUM=",
      "requires": {
        "any-promise": "^1.3.0"
      }
    },
    "safe-buffer": {
      "version": "5.1.2",
      "resolved": "https://frontiersoftware.pkgs.visualstudio.com/_packaging/WebLibrary/npm/registry/safe-buffer/-/safe-buffer-5.1.2.tgz",
      "integrity": "sha1-mR7GnSluAxN0fVm9/St0XDX4go0="
    },
    "safer-buffer": {
      "version": "2.1.2",
      "resolved": "https://frontiersoftware.pkgs.visualstudio.com/_packaging/WebLibrary/npm/registry/safer-buffer/-/safer-buffer-2.1.2.tgz",
      "integrity": "sha1-RPoWGwGHuVSd2Eu5GAL5vYOFzWo="
    },
    "semver": {
      "version": "4.3.2",
      "resolved": "https://frontiersoftware.pkgs.visualstudio.com/_packaging/WebLibrary/npm/registry/semver/-/semver-4.3.2.tgz",
      "integrity": "sha1-x6BxWKgL7dBSNVt3DYLWZA+AO+c="
    },
    "send": {
      "version": "0.17.1",
      "resolved": "https://frontiersoftware.pkgs.visualstudio.com/_packaging/WebLibrary/npm/registry/send/-/send-0.17.1.tgz",
      "integrity": "sha1-wdiwWfeQD3Rm3Uk4vcROEd2zdsg=",
      "requires": {
        "debug": "2.6.9",
        "depd": "~1.1.2",
        "destroy": "~1.0.4",
        "encodeurl": "~1.0.2",
        "escape-html": "~1.0.3",
        "etag": "~1.8.1",
        "fresh": "0.5.2",
        "http-errors": "~1.7.2",
        "mime": "1.6.0",
        "ms": "2.1.1",
        "on-finished": "~2.3.0",
        "range-parser": "~1.2.1",
        "statuses": "~1.5.0"
      },
      "dependencies": {
        "ms": {
          "version": "2.1.1",
          "resolved": "https://frontiersoftware.pkgs.visualstudio.com/_packaging/WebLibrary/npm/registry/ms/-/ms-2.1.1.tgz",
          "integrity": "sha1-MKWGTrPrsKZvLr5tcnrwagnYbgo="
        }
      }
    },
    "sequelize": {
      "version": "5.21.2",
      "resolved": "https://frontiersoftware.pkgs.visualstudio.com/_packaging/WebLibrary/npm/registry/sequelize/-/sequelize-5.21.2.tgz",
      "integrity": "sha1-Da7um+831JSQtyosaJHVMET2Whg=",
      "requires": {
        "bluebird": "^3.5.0",
        "cls-bluebird": "^2.1.0",
        "debug": "^4.1.1",
        "dottie": "^2.0.0",
        "inflection": "1.12.0",
        "lodash": "^4.17.15",
        "moment": "^2.24.0",
        "moment-timezone": "^0.5.21",
        "retry-as-promised": "^3.2.0",
        "semver": "^6.3.0",
        "sequelize-pool": "^2.3.0",
        "toposort-class": "^1.0.1",
        "uuid": "^3.3.3",
        "validator": "^10.11.0",
        "wkx": "^0.4.8"
      },
      "dependencies": {
        "debug": {
          "version": "4.1.1",
          "resolved": "https://frontiersoftware.pkgs.visualstudio.com/_packaging/WebLibrary/npm/registry/debug/-/debug-4.1.1.tgz",
          "integrity": "sha1-O3ImAlUQnGtYnO4FDx1RYTlmR5E=",
          "requires": {
            "ms": "^2.1.1"
          }
        },
        "ms": {
          "version": "2.1.2",
          "resolved": "https://frontiersoftware.pkgs.visualstudio.com/_packaging/WebLibrary/npm/registry/ms/-/ms-2.1.2.tgz",
          "integrity": "sha1-0J0fNXtEP0kzgqjrPM0YOHKuYAk="
        },
        "semver": {
          "version": "6.3.0",
          "resolved": "https://frontiersoftware.pkgs.visualstudio.com/_packaging/WebLibrary/npm/registry/semver/-/semver-6.3.0.tgz",
          "integrity": "sha1-7gpkyK9ejO6mdoexM3YeG+y9HT0="
        }
      }
    },
    "sequelize-pool": {
      "version": "2.3.0",
      "resolved": "https://frontiersoftware.pkgs.visualstudio.com/_packaging/WebLibrary/npm/registry/sequelize-pool/-/sequelize-pool-2.3.0.tgz",
      "integrity": "sha1-ZPH+h0QigXLEdPUwYEthM75kmT0="
    },
    "serve-static": {
      "version": "1.14.1",
      "resolved": "https://frontiersoftware.pkgs.visualstudio.com/_packaging/WebLibrary/npm/registry/serve-static/-/serve-static-1.14.1.tgz",
      "integrity": "sha1-Zm5jbcTwEPfvKZcKiKZ0MgiYsvk=",
      "requires": {
        "encodeurl": "~1.0.2",
        "escape-html": "~1.0.3",
        "parseurl": "~1.3.3",
        "send": "0.17.1"
      }
    },
    "setprototypeof": {
      "version": "1.1.1",
      "resolved": "https://frontiersoftware.pkgs.visualstudio.com/_packaging/WebLibrary/npm/registry/setprototypeof/-/setprototypeof-1.1.1.tgz",
      "integrity": "sha1-fpWsskqpL1iF4KvvW6ExMw1K5oM="
    },
    "shimmer": {
      "version": "1.2.1",
      "resolved": "https://frontiersoftware.pkgs.visualstudio.com/_packaging/WebLibrary/npm/registry/shimmer/-/shimmer-1.2.1.tgz",
      "integrity": "sha1-YQhZ994ye1h+/r9QH7QxF/mv8zc="
    },
    "source-map": {
      "version": "0.1.43",
      "resolved": "https://frontiersoftware.pkgs.visualstudio.com/_packaging/WebLibrary/npm/registry/source-map/-/source-map-0.1.43.tgz",
      "integrity": "sha1-wkvBRspRfBRx9drL4lcbK3+eM0Y=",
      "requires": {
        "amdefine": ">=0.0.4"
      }
    },
    "split": {
      "version": "1.0.1",
      "resolved": "https://frontiersoftware.pkgs.visualstudio.com/_packaging/WebLibrary/npm/registry/split/-/split-1.0.1.tgz",
      "integrity": "sha1-YFvZvjA6pZ+zX5Ip++oN3snqB9k=",
      "requires": {
        "through": "2"
      }
    },
    "statuses": {
      "version": "1.5.0",
      "resolved": "https://frontiersoftware.pkgs.visualstudio.com/_packaging/WebLibrary/npm/registry/statuses/-/statuses-1.5.0.tgz",
      "integrity": "sha1-Fhx9rBd2Wf2YEfQ3cfqZOBR4Yow="
    },
    "std": {
      "version": "0.1.40",
      "resolved": "https://frontiersoftware.pkgs.visualstudio.com/_packaging/WebLibrary/npm/registry/std/-/std-0.1.40.tgz",
      "integrity": "sha1-Nnil9lCU2eG2teJu2/wCErg0K3E="
    },
    "through": {
      "version": "2.3.8",
      "resolved": "https://frontiersoftware.pkgs.visualstudio.com/_packaging/WebLibrary/npm/registry/through/-/through-2.3.8.tgz",
      "integrity": "sha1-DdTJ/6q8NXlgsbckEV1+Doai4fU="
    },
    "toidentifier": {
      "version": "1.0.0",
      "resolved": "https://frontiersoftware.pkgs.visualstudio.com/_packaging/WebLibrary/npm/registry/toidentifier/-/toidentifier-1.0.0.tgz",
      "integrity": "sha1-fhvjRw8ed5SLxD2Uo8j013UrpVM="
    },
    "toposort-class": {
      "version": "1.0.1",
      "resolved": "https://frontiersoftware.pkgs.visualstudio.com/_packaging/WebLibrary/npm/registry/toposort-class/-/toposort-class-1.0.1.tgz",
      "integrity": "sha1-f/0feMi+KMO6Rc1OGj9e4ZO9mYg="
    },
    "type-is": {
      "version": "1.6.18",
      "resolved": "https://frontiersoftware.pkgs.visualstudio.com/_packaging/WebLibrary/npm/registry/type-is/-/type-is-1.6.18.tgz",
      "integrity": "sha1-TlUs0F3wlGfcvE73Od6J8s83wTE=",
      "requires": {
        "media-typer": "0.3.0",
        "mime-types": "~2.1.24"
      }
    },
    "uglify-js": {
      "version": "2.3.0",
      "resolved": "https://frontiersoftware.pkgs.visualstudio.com/_packaging/WebLibrary/npm/registry/uglify-js/-/uglify-js-2.3.0.tgz",
      "integrity": "sha1-LN7BbTeKiituz7aYl4TPi3rlSR8=",
      "requires": {
        "async": "~0.2.6",
        "optimist": "~0.3.5",
        "source-map": "~0.1.7"
      }
    },
    "unpipe": {
      "version": "1.0.0",
      "resolved": "https://frontiersoftware.pkgs.visualstudio.com/_packaging/WebLibrary/npm/registry/unpipe/-/unpipe-1.0.0.tgz",
      "integrity": "sha1-sr9O6FFKrmFltIF4KdIbLvSZBOw="
    },
    "util": {
      "version": "0.10.4",
      "resolved": "https://frontiersoftware.pkgs.visualstudio.com/_packaging/WebLibrary/npm/registry/util/-/util-0.10.4.tgz",
      "integrity": "sha1-OqASW/5mikZy3liFfTrOJ+y3aQE=",
      "requires": {
        "inherits": "2.0.3"
      }
    },
    "utils-merge": {
      "version": "1.0.1",
      "resolved": "https://frontiersoftware.pkgs.visualstudio.com/_packaging/WebLibrary/npm/registry/utils-merge/-/utils-merge-1.0.1.tgz",
      "integrity": "sha1-n5VxD1CiZ5R7LMwSR0HBAoQn5xM="
    },
    "uuid": {
      "version": "3.3.3",
      "resolved": "https://frontiersoftware.pkgs.visualstudio.com/_packaging/WebLibrary/npm/registry/uuid/-/uuid-3.3.3.tgz",
      "integrity": "sha1-RWjwIW54dg7h2/Ok0s9T4iQRKGY="
    },
    "validator": {
      "version": "10.11.0",
      "resolved": "https://frontiersoftware.pkgs.visualstudio.com/_packaging/WebLibrary/npm/registry/validator/-/validator-10.11.0.tgz",
      "integrity": "sha1-ADEI6m6amHTTHMyeUAaFbM12sig="
    },
    "vary": {
      "version": "1.1.2",
      "resolved": "https://frontiersoftware.pkgs.visualstudio.com/_packaging/WebLibrary/npm/registry/vary/-/vary-1.1.2.tgz",
      "integrity": "sha1-IpnwLG3tMNSllhsLn3RSShj2NPw="
    },
    "wkx": {
      "version": "0.4.8",
      "resolved": "https://frontiersoftware.pkgs.visualstudio.com/_packaging/WebLibrary/npm/registry/wkx/-/wkx-0.4.8.tgz",
      "integrity": "sha1-oJLPCI0RJoP9xxgv0xSTssWCAAM=",
      "requires": {
        "@types/node": "*"
      }
    },
    "wordwrap": {
      "version": "0.0.3",
      "resolved": "https://frontiersoftware.pkgs.visualstudio.com/_packaging/WebLibrary/npm/registry/wordwrap/-/wordwrap-0.0.3.tgz",
      "integrity": "sha1-o9XabNXAvAAI03I0u68b7WMFkQc="
    },
    "xtend": {
      "version": "4.0.2",
      "resolved": "https://frontiersoftware.pkgs.visualstudio.com/_packaging/WebLibrary/npm/registry/xtend/-/xtend-4.0.2.tgz",
      "integrity": "sha1-u3J3n1+kZRhrH0OPZ0+jR/2121Q="
    }
  }
}
